
Microsoft Visual Studio Solution File, Format Version 12.00
# Visual Studio Version 17
VisualStudioVersion = 17.7.34009.444
MinimumVisualStudioVersion = 10.0.40219.1
Project("{FAE04EC0-301F-11D3-BF4B-00C04F79EFBC}") = "HttpClientAndPollyDemoWebApi", "HttpClientAndPollyDemoWebApi\HttpClientAndPollyDemoWebApi.csproj", "{2346C5E2-0BB6-4C3D-8995-905CCB9544AF}"
EndProject
Global
	GlobalSection(SolutionConfigurationPlatforms) = preSolution
		Debug|Any CPU = Debug|Any CPU
		Release|Any CPU = Release|Any CPU
	EndGlobalSection
	GlobalSection(ProjectConfigurationPlatforms) = postSolution
		{2346C5E2-0BB6-4C3D-8995-905CCB9544AF}.Debug|Any CPU.ActiveCfg = Debug|Any CPU
		{2346C5E2-0BB6-4C3D-8995-905CCB9544AF}.Debug|Any CPU.Build.0 = Debug|Any CPU
		{2346C5E2-0BB6-4C3D-8995-905CCB9544AF}.Release|Any CPU.ActiveCfg = Release|Any CPU
		{2346C5E2-0BB6-4C3D-8995-905CCB9544AF}.Release|Any CPU.Build.0 = Release|Any CPU
	EndGlobalSection
	GlobalSection(SolutionProperties) = preSolution
		HideSolutionNode = FALSE
	EndGlobalSection
	GlobalSection(ExtensibilityGlobals) = postSolution
		SolutionGuid = {29566D00-A38E-4F95-96B8-F00921F8B15E}
	EndGlobalSection
EndGlobal
